# Auto-generated by: uv run bin/mirror_images.py lock
# Do not edit manually.
version: 1
images:
  alpine:3.22:
    digest: sha256:14358309a308569c32bdc37e2e0e9694be33a9d99e68afb0f5ff33cc1f695dce
    target: registry.ddbuild.io/system-tests/mirror/alpine:3.22
    tag: '3.22'
  apache/kafka:3.7.1:
    digest: sha256:ed74d7d115968d5e8b00ba6822ac6a384cbaaf54ca38991828647000d7089b68
    target: registry.ddbuild.io/system-tests/mirror/apache/kafka:3.7.1
    tag: 3.7.1
  cassandra:latest:
    digest: sha256:d35e159439b302146f964919904f84fd3c2cebf347272b8cb8c4368c1cf200e5
    target: registry.ddbuild.io/system-tests/mirror/cassandra:latest
    tag: 5.0.9
  datadog/agent:latest:
    digest: sha256:abb3279b6465f8641eff1ee7cc2bea293221accafc8f0a9a256e4e4835dc8e17
    target: registry.ddbuild.io/system-tests/mirror/datadog/agent:latest
    tag: 7.82.3
  datadog/dd-appsec-php-ci:php-8.0-release:
    digest: sha256:f6c7557c63d9da34d081bc681768798bc4f70d8be36c565c526e57cecd6c2249
    target: registry.ddbuild.io/system-tests/mirror/datadog/dd-appsec-php-ci:php-8.0-release
    tag: php-8.0-release
  datadog/dd-appsec-php-ci:php-8.2-release:
    digest: sha256:0199e251729b25276f97049cbcd39dd1997e98413a07b10a3c7e9e755d505a42
    target: registry.ddbuild.io/system-tests/mirror/datadog/dd-appsec-php-ci:php-8.2-release
    tag: php-8.2-release
  datadog/serverless-init:1.10.2:
    digest: sha256:9936ccb50daa747d71a8b1148e74720a6ae60238ebdcc1793ea1834c01493bd3
    target: registry.ddbuild.io/system-tests/mirror/datadog/serverless-init:1.10.2
    tag: 1.10.2
  datadog/system-tests:apache-mod-7.0-zts.base-79a1482fc0ac:
    digest: sha256:a0bd411f91921af04ba2f959f9a154c20bc6cdb22bf1624ac82bac14cd2222b0
    target: registry.ddbuild.io/system-tests/mirror/datadog/system-tests:apache-mod-7.0-zts.base-79a1482fc0ac
    tag: apache-mod-7.0-zts.base-79a1482fc0ac
  datadog/system-tests:apache-mod-7.0.base-46a7ea0257c7:
    digest: sha256:eecb75331eb72e7e5cb0ba3551599d7cafd05bb76bf13a8ba8fa788d5612ec10
    target: registry.ddbuild.io/system-tests/mirror/datadog/system-tests:apache-mod-7.0.base-46a7ea0257c7
    tag: apache-mod-7.0.base-46a7ea0257c7
  datadog/system-tests:apache-mod-7.1-zts.base-ffd7eff00bf4:
    digest: sha256:cbf6c65a2eafa57851bdfd8376b23a3c44e0d03220f02b7cbb6bbc761f36b52f
    target: registry.ddbuild.io/system-tests/mirror/datadog/system-tests:apache-mod-7.1-zts.base-ffd7eff00bf4
    tag: apache-mod-7.1-zts.base-ffd7eff00bf4
  datadog/system-tests:apache-mod-7.1.base-0bc799c1a58d:
    digest: sha256:df254c5da8b187f73c5458a77fa8f10caca786d0576dc6152ea5ad63453aeb83
    target: registry.ddbuild.io/system-tests/mirror/datadog/system-tests:apache-mod-7.1.base-0bc799c1a58d
    tag: apache-mod-7.1.base-0bc799c1a58d
  datadog/system-tests:apache-mod-7.2-zts.base-136fcaba6e69:
    digest: sha256:1dc8cb912e425bd79cdaaff42de8610c7ff8421fb03ae94b2fa56cf28e802e23
    target: registry.ddbuild.io/system-tests/mirror/datadog/system-tests:apache-mod-7.2-zts.base-136fcaba6e69
    tag: apache-mod-7.2-zts.base-136fcaba6e69
  datadog/system-tests:apache-mod-7.2.base-dea3fdff84cd:
    digest: sha256:dc77c2488ff4c1054ec2cf29c981b1e4f929bc1e17932e68cb96a8eea337e77c
    target: registry.ddbuild.io/system-tests/mirror/datadog/system-tests:apache-mod-7.2.base-dea3fdff84cd
    tag: apache-mod-7.2.base-dea3fdff84cd
  datadog/system-tests:apache-mod-7.3-zts.base-704bd2ae4193:
    digest: sha256:bff0a46ebd9403f9294982fc3bf73df0148a8cda7c9c50628626fe49b012e071
    target: registry.ddbuild.io/system-tests/mirror/datadog/system-tests:apache-mod-7.3-zts.base-704bd2ae4193
    tag: apache-mod-7.3-zts.base-704bd2ae4193
  datadog/system-tests:apache-mod-7.3.base-e033bbba2548:
    digest: sha256:afc8ed5005a16c5cf547192c7ea873b674f4d2c7b97a0e169e76c76165371f2c
    target: registry.ddbuild.io/system-tests/mirror/datadog/system-tests:apache-mod-7.3.base-e033bbba2548
    tag: apache-mod-7.3.base-e033bbba2548
  datadog/system-tests:apache-mod-7.4-zts.base-524156d255db:
    digest: sha256:a9c55371ca5302f45f1e129d4e676180ed1b53bfe571778050be6e3dbc189adb
    target: registry.ddbuild.io/system-tests/mirror/datadog/system-tests:apache-mod-7.4-zts.base-524156d255db
    tag: apache-mod-7.4-zts.base-524156d255db
  datadog/system-tests:apache-mod-7.4.base-629a2ee350a6:
    digest: sha256:404af52f26d315e3abf69488473b649c35fde10a13657e1ef370744597c1fc79
    target: registry.ddbuild.io/system-tests/mirror/datadog/system-tests:apache-mod-7.4.base-629a2ee350a6
    tag: apache-mod-7.4.base-629a2ee350a6
  datadog/system-tests:apache-mod-8.0-zts.base-7408fb0de51f:
    digest: sha256:7768689ff843a3fad7b3cb33823d6d20489e7ffda191b4a6353f23d2c454ce3c
    target: registry.ddbuild.io/system-tests/mirror/datadog/system-tests:apache-mod-8.0-zts.base-7408fb0de51f
    tag: apache-mod-8.0-zts.base-7408fb0de51f
  datadog/system-tests:apache-mod-8.0.base-96e2b2f3cabb:
    digest: sha256:308bf70416a8ae13746980ea301c031d9accca3aecb10d316aec5ff90c48700d
    target: registry.ddbuild.io/system-tests/mirror/datadog/system-tests:apache-mod-8.0.base-96e2b2f3cabb
    tag: apache-mod-8.0.base-96e2b2f3cabb
  datadog/system-tests:apache-mod-8.1-zts.base-23be9ab90140:
    digest: sha256:1b4f3da9d55152363dd6e259fa83375521dcfd86cacebb664b2a3160958f5959
    target: registry.ddbuild.io/system-tests/mirror/datadog/system-tests:apache-mod-8.1-zts.base-23be9ab90140
    tag: apache-mod-8.1-zts.base-23be9ab90140
  datadog/system-tests:apache-mod-8.1.base-b233d75e990d:
    digest: sha256:0355c07a53b36bc152fc14933fd608a932f41d62c0306e048184b8f5b20ee40e
    target: registry.ddbuild.io/system-tests/mirror/datadog/system-tests:apache-mod-8.1.base-b233d75e990d
    tag: apache-mod-8.1.base-b233d75e990d
  datadog/system-tests:apache-mod-8.2-zts.base-2aa2bb0fed02:
    digest: sha256:69d9e858386756c815bc7f56b0165eb993ba4aace237b3d4d2d9e6164d3950c2
    target: registry.ddbuild.io/system-tests/mirror/datadog/system-tests:apache-mod-8.2-zts.base-2aa2bb0fed02
    tag: apache-mod-8.2-zts.base-2aa2bb0fed02
  datadog/system-tests:apache-mod-8.2.base-3b565adbcbfe:
    digest: sha256:5739cee883b4e00b39d1985422849b068a274a28a33ced19ec423f8e06b3965e
    target: registry.ddbuild.io/system-tests/mirror/datadog/system-tests:apache-mod-8.2.base-3b565adbcbfe
    tag: apache-mod-8.2.base-3b565adbcbfe
  datadog/system-tests:django-poc.base-78e2159815b1:
    digest: sha256:0758657f4abcdaf68506c9eeefd034517c943ce10da8efe1f1689f944965285d
    target: registry.ddbuild.io/system-tests/mirror/datadog/system-tests:django-poc.base-78e2159815b1
    tag: django-poc.base-78e2159815b1
  datadog/system-tests:django-py3.13.base-d8262a2c816c:
    digest: sha256:b71678692a476b6acc3eb235edbb98bbb9c6b943e17c246ecb24937276807bc3
    target: registry.ddbuild.io/system-tests/mirror/datadog/system-tests:django-py3.13.base-d8262a2c816c
    tag: django-py3.13.base-d8262a2c816c
  datadog/system-tests:express4-typescript.base-bddbe5ca485e:
    digest: sha256:6fc14c772b499a793e903065238c5239c2bdd704ecf8c920ee19752c4aab7443
    target: registry.ddbuild.io/system-tests/mirror/datadog/system-tests:express4-typescript.base-bddbe5ca485e
    tag: express4-typescript.base-bddbe5ca485e
  datadog/system-tests:express4.base-7fa23d569724:
    digest: sha256:4a460bab8f83a46e5c2dd040fd7593bfede62f88f6938720d32ad37b4c8c9b67
    target: registry.ddbuild.io/system-tests/mirror/datadog/system-tests:express4.base-7fa23d569724
    tag: express4.base-7fa23d569724
  datadog/system-tests:express5.base-22afcb310e5d:
    digest: sha256:e8a7aeec7c13fb2c7bfd9374a16ee1e0fa3c9729672d62e719152830e8022b93
    target: registry.ddbuild.io/system-tests/mirror/datadog/system-tests:express5.base-22afcb310e5d
    tag: express5.base-22afcb310e5d
  datadog/system-tests:fastapi.base-7907e0bc9fc2:
    digest: sha256:091f46c5fcc89edda763a24e9fc71fa6ad1f42899e00065ecd8375883b549285
    target: registry.ddbuild.io/system-tests/mirror/datadog/system-tests:fastapi.base-7907e0bc9fc2
    tag: fastapi.base-7907e0bc9fc2
  datadog/system-tests:fastify.base-25efc368b2dc:
    digest: sha256:bc292162c939c49fbb9a04a3ca371f194578ab2c8285bd3c5cdccf2dcca204ff
    target: registry.ddbuild.io/system-tests/mirror/datadog/system-tests:fastify.base-25efc368b2dc
    tag: fastify.base-25efc368b2dc
  datadog/system-tests:flask-poc.base-fa81f4f89ea4:
    digest: sha256:f300cff471470574ce8263292f54ab745ffacfa8af741dd41be15a8c947e2e0e
    target: registry.ddbuild.io/system-tests/mirror/datadog/system-tests:flask-poc.base-fa81f4f89ea4
    tag: flask-poc.base-fa81f4f89ea4
  datadog/system-tests:golang_buddy-v2:
    digest: sha256:b567fa2e328f24c74aab600e8bf07362b4265ac508413a83e06afddb399bee80
    target: registry.ddbuild.io/system-tests/mirror/datadog/system-tests:golang_buddy-v2
    tag: golang_buddy-v2
  datadog/system-tests:java_buddy-v1:
    digest: sha256:67aac2b7c0c88b40da498fbc74b48f0a62702148e5c9256c5752a9e624d972ce
    target: registry.ddbuild.io/system-tests/mirror/datadog/system-tests:java_buddy-v1
    tag: java_buddy-v1
  datadog/system-tests:lambda-proxy-v1:
    digest: sha256:2b09f33c61b2b19f4a239e4d8f10164ece66d925b72337720998ce43d7090d2f
    target: registry.ddbuild.io/system-tests/mirror/datadog/system-tests:lambda-proxy-v1
    tag: lambda-proxy-v1
  datadog/system-tests:nextjs.base-f2644dc44b79:
    digest: sha256:68909d0da733863e52489a91d49243d2cff999772cfd0e08edbbacb8a1b6a422
    target: registry.ddbuild.io/system-tests/mirror/datadog/system-tests:nextjs.base-f2644dc44b79
    tag: nextjs.base-f2644dc44b79
  datadog/system-tests:nodejs_buddy-v1:
    digest: sha256:71d124f74d4d7ac706f1afa8d5950864e1e931ec3b511f540b49eb6328c0338e
    target: registry.ddbuild.io/system-tests/mirror/datadog/system-tests:nodejs_buddy-v1
    tag: nodejs_buddy-v1
  datadog/system-tests:php-fpm-7.0.base-487b6fb0f27d:
    digest: sha256:b8e8a99c01fa002ee06e1b60e70672f3a44b85b2f6cc384ce99f9f6673bee58a
    target: registry.ddbuild.io/system-tests/mirror/datadog/system-tests:php-fpm-7.0.base-487b6fb0f27d
    tag: php-fpm-7.0.base-487b6fb0f27d
  datadog/system-tests:php-fpm-7.1.base-9db945371bd4:
    digest: sha256:0e1bf204edd18b3d31bd2cb101e957a2fc148aab54f68f87df3260bab7f85ee5
    target: registry.ddbuild.io/system-tests/mirror/datadog/system-tests:php-fpm-7.1.base-9db945371bd4
    tag: php-fpm-7.1.base-9db945371bd4
  datadog/system-tests:php-fpm-7.2.base-cea75caef609:
    digest: sha256:c986fe88135d1f4c718ceb0d47dba65a6009847896b2847415268864f341e3c2
    target: registry.ddbuild.io/system-tests/mirror/datadog/system-tests:php-fpm-7.2.base-cea75caef609
    tag: php-fpm-7.2.base-cea75caef609
  datadog/system-tests:php-fpm-7.3.base-0b74d367e763:
    digest: sha256:f60ac4c4259e91e907923a1274ca135eeb7c74b49e00c4499e87718c475f09e3
    target: registry.ddbuild.io/system-tests/mirror/datadog/system-tests:php-fpm-7.3.base-0b74d367e763
    tag: php-fpm-7.3.base-0b74d367e763
  datadog/system-tests:php-fpm-7.4.base-6b9b5979b456:
    digest: sha256:18b701404d44bd0bc5d858a60c681a42df9cd4f8b0a3973a29c2c6eaa3e36d2c
    target: registry.ddbuild.io/system-tests/mirror/datadog/system-tests:php-fpm-7.4.base-6b9b5979b456
    tag: php-fpm-7.4.base-6b9b5979b456
  datadog/system-tests:php-fpm-8.0.base-0a628daeed4c:
    digest: sha256:36a2da66f1a0c6daae89c1dbba7bf5ef46bd88f09243afd3e3f05e894c7dbc32
    target: registry.ddbuild.io/system-tests/mirror/datadog/system-tests:php-fpm-8.0.base-0a628daeed4c
    tag: php-fpm-8.0.base-0a628daeed4c
  datadog/system-tests:php-fpm-8.1.base-cee123be07e6:
    digest: sha256:9db2cf76fa62e5e4058b69140e4bbc493786de34c4ab4ec9d6c8485910c77399
    target: registry.ddbuild.io/system-tests/mirror/datadog/system-tests:php-fpm-8.1.base-cee123be07e6
    tag: php-fpm-8.1.base-cee123be07e6
  datadog/system-tests:php-fpm-8.2.base-3426b927b3bc:
    digest: sha256:a33072eeee55e53d5e746826389e6c9907381ea3792cf17706e18012dbcc0fcf
    target: registry.ddbuild.io/system-tests/mirror/datadog/system-tests:php-fpm-8.2.base-3426b927b3bc
    tag: php-fpm-8.2.base-3426b927b3bc
  datadog/system-tests:php-fpm-8.5.base-beb0821ff533:
    digest: sha256:8b69dd39b263152f735065dfece5daf1b364e7e99807d89cd48dae653e03c0ba
    target: registry.ddbuild.io/system-tests/mirror/datadog/system-tests:php-fpm-8.5.base-beb0821ff533
    tag: php-fpm-8.5.base-beb0821ff533
  datadog/system-tests:proxy-v1:
    digest: sha256:02ce356eafacfe04d3022ff505e2dbb9e47cd3c55244b7918ff6fc824db85f02
    target: registry.ddbuild.io/system-tests/mirror/datadog/system-tests:proxy-v1
    tag: proxy-v1
  datadog/system-tests:python3.12.base-604705958847:
    digest: sha256:a55c34668794e06a125ea3882fc9d0e31a8b84b4742b6a778c2fba82513cfb65
    target: registry.ddbuild.io/system-tests/mirror/datadog/system-tests:python3.12.base-604705958847
    tag: python3.12.base-604705958847
  datadog/system-tests:python_buddy-v2:
    digest: sha256:abbd02d4495d83c66af12b5562ccca0077800cb920142375cd48dcfc8aeb1596
    target: registry.ddbuild.io/system-tests/mirror/datadog/system-tests:python_buddy-v2
    tag: python_buddy-v2
  datadog/system-tests:ruby_buddy-v2:
    digest: sha256:939d3828d85666a598c0349a6dd933fe1d92c5daa5d01438512d950ea3ccc258
    target: registry.ddbuild.io/system-tests/mirror/datadog/system-tests:ruby_buddy-v2
    tag: ruby_buddy-v2
  datadog/system-tests:tornado.base-f378644cba7d:
    digest: sha256:0028e35812ed41a7df9b4e11d66ff399df0ecd71028e5f0297adf6344442d77c
    target: registry.ddbuild.io/system-tests/mirror/datadog/system-tests:tornado.base-f378644cba7d
    tag: tornado.base-f378644cba7d
  datadog/system-tests:uwsgi-poc.base-24176640f4fe:
    digest: sha256:2af80513f222e32ba1b75f76cbcefabf757961e8882f99c4df7ee92cb5a9b9a1
    target: registry.ddbuild.io/system-tests/mirror/datadog/system-tests:uwsgi-poc.base-24176640f4fe
    tag: uwsgi-poc.base-24176640f4fe
  debian:bookworm-slim:
    digest: sha256:88200866dfff7ea7f5cbcb6ec7c8a701889efe6fe859fe64d6990e4b07ea4171
    target: registry.ddbuild.io/system-tests/mirror/debian:bookworm-slim
    tag: bookworm-slim
  debian:stable-slim:
    digest: sha256:04634311a8d5fc442b6eb06d792293c4f3e2268652ca7634e00ce8ef5cc0a28a
    target: registry.ddbuild.io/system-tests/mirror/debian:stable-slim
    tag: stable-slim
  demisto/fastapi:0.116.1.4266494:
    digest: sha256:057fb83c60e7685a35d99229ece21c4cdcc962adfdc50251bf829b5694a95722
    target: registry.ddbuild.io/system-tests/mirror/demisto/fastapi:0.116.1.4266494
    tag: 0.116.1.4266494
  eclipse-temurin:11-jre:
    digest: sha256:e9aa18936347d6496697b2b2698b7ec1e228ee3d8d0871302d6a8ccd0ce8db38
    target: registry.ddbuild.io/system-tests/mirror/eclipse-temurin:11-jre
    tag: 11-jre
  eclipse-temurin:17-jre:
    digest: sha256:13cc28a6cc72a38ce1f00c906be3580c1a3e604b8984d694f369a96742abc93b
    target: registry.ddbuild.io/system-tests/mirror/eclipse-temurin:17-jre
    tag: 17-jre
  ghcr.io/datadog/dd-apm-test-agent/ddapm-test-agent:v1.64.1:
    digest: sha256:817244a7aec2196c0ad5b09e958a9d1fb40846ecc4257736917aa6b9b55c5e49
    target: registry.ddbuild.io/system-tests/mirror/ghcr.io/datadog/dd-apm-test-agent/ddapm-test-agent:v1.64.1
    tag: v1.64.1
  ghcr.io/datadog/images-rb/engines/ruby:2.5-gnu-gcc:
    digest: sha256:c015b2a31139657639fefeed0185315b421f4732ae1aaa92c3d01fbcff205b75
    target: registry.ddbuild.io/system-tests/mirror/ghcr.io/datadog/images-rb/engines/ruby:2.5-gnu-gcc
    tag: 2.5-gnu-gcc
  ghcr.io/datadog/images-rb/engines/ruby:2.7-gnu-gcc:
    digest: sha256:eb13e91535aa787e299f37770c84e8d09c016fe9d7d218e98bae3026bdf1c0cc
    target: registry.ddbuild.io/system-tests/mirror/ghcr.io/datadog/images-rb/engines/ruby:2.7-gnu-gcc
    tag: 2.7-gnu-gcc
  ghcr.io/datadog/images-rb/engines/ruby:3.0-gnu-gcc:
    digest: sha256:a91ff5af41a9e21a502f5e048c0c85f84cfe90d4382edee5be1b2cbd784dc543
    target: registry.ddbuild.io/system-tests/mirror/ghcr.io/datadog/images-rb/engines/ruby:3.0-gnu-gcc
    tag: 3.0-gnu-gcc
  ghcr.io/datadog/images-rb/engines/ruby:3.1-gnu-gcc:
    digest: sha256:e50c7a470f75c8eb6f48b494369dc2926b89e10e1ff93106a6fcaa86cff5b4a3
    target: registry.ddbuild.io/system-tests/mirror/ghcr.io/datadog/images-rb/engines/ruby:3.1-gnu-gcc
    tag: 3.1-gnu-gcc
  ghcr.io/datadog/images-rb/engines/ruby:3.4-gnu-gcc:
    digest: sha256:05599f751608ecec945cc1eb1b23b2fba0646431e05e5dee5156d40becbc2da1
    target: registry.ddbuild.io/system-tests/mirror/ghcr.io/datadog/images-rb/engines/ruby:3.4-gnu-gcc
    tag: 3.4-gnu-gcc
  ghcr.io/graalvm/native-image-community:22.0.0:
    digest: sha256:0e7b3ee194aadc80845a29cd4e6501b9ed4422e6b998267926df31d63caf4770
    target: registry.ddbuild.io/system-tests/mirror/ghcr.io/graalvm/native-image-community:22.0.0
    tag: 22.0.0
  ghcr.io/oras-project/oras:v1.2.3:
    digest: sha256:63266a046d1cf5ebebb1461733ed7548148f122e0d422096e177cfa70b521cb1
    target: registry.ddbuild.io/system-tests/mirror/ghcr.io/oras-project/oras:v1.2.3
    tag: v1.2.3
  golang:1.26:
    digest: sha256:dc2521c2a906db43073b8b4d99f491b6341cf15610b6ebbab187c45153f9959e
    target: registry.ddbuild.io/system-tests/mirror/golang:1.26
    tag: '1.26'
  golang:1.26-alpine:
    digest: sha256:28d89ee9cc0ff9fec75c82ca201e6bf7fdf9a679d4b7b24dfa04f2bb766bb468
    target: registry.ddbuild.io/system-tests/mirror/golang:1.26-alpine
    tag: 1.26-alpine
  kong/kong-gateway:3.4:
    digest: sha256:e439f2f25e0a8723fa20b94c68840703fcae867fa3572442b7c9014def80d315
    target: registry.ddbuild.io/system-tests/mirror/kong/kong-gateway:3.4
    tag: '3.4'
  localstack/localstack:4.1:
    digest: sha256:97ccc65daec3542bd2cb3160d7355f11e89ad8027fd3c834b9d1197d197d866f
    target: registry.ddbuild.io/system-tests/mirror/localstack/localstack:4.1
    tag: '4.1'
  maven:3.6-jdk-11:
    digest: sha256:1d29ccf46ef2a5e64f7de3d79a63f9bcffb4dc56be0ae3daed5ca5542b38aa2d
    target: registry.ddbuild.io/system-tests/mirror/maven:3.6-jdk-11
    tag: 3.6-jdk-11
  maven:3.8-jdk-11:
    digest: sha256:805f366910aea2a91ed263654d23df58bd239f218b2f9562ff51305be81fa215
    target: registry.ddbuild.io/system-tests/mirror/maven:3.8-jdk-11
    tag: 3.8-jdk-11
  maven:3.9-eclipse-temurin-11:
    digest: sha256:c46b31057b9eb90e3ec855f6db35fc99108cadcdd1a03336bfb6516ba12212ef
    target: registry.ddbuild.io/system-tests/mirror/maven:3.9-eclipse-temurin-11
    tag: 3.9-eclipse-temurin-11
  maven:3.9-eclipse-temurin-17:
    digest: sha256:a8746f15d5bb26b5b8bacb056cc76211553850f4c71d16aff845cfa004cbc197
    target: registry.ddbuild.io/system-tests/mirror/maven:3.9-eclipse-temurin-17
    tag: 3.9-eclipse-temurin-17
  maven:3.9.14-eclipse-temurin-17:
    digest: sha256:674de0df5a38cfe793a587829a181835f8af3ea1f556be7172e0aa547274bcc9
    target: registry.ddbuild.io/system-tests/mirror/maven:3.9.14-eclipse-temurin-17
    tag: 3.9.14-eclipse-temurin-17
  maven:3.9.9-eclipse-temurin-17-focal:
    digest: sha256:45ddc84a2e7f75ab7faf290085a0292dd8adc5e7674a89231f6a879b60f4358d
    target: registry.ddbuild.io/system-tests/mirror/maven:3.9.9-eclipse-temurin-17-focal
    tag: 3.9.9-eclipse-temurin-17-focal
  mcr.microsoft.com/dotnet/aspnet:8.0:
    digest: sha256:787c228ea85457bec43c8b084e6ac360b26ea43b5c2fcbe861f721f2e8670dd3
    target: registry.ddbuild.io/system-tests/mirror/mcr.microsoft.com/dotnet/aspnet:8.0
    tag: '8.0'
  mcr.microsoft.com/dotnet/sdk:8.0:
    digest: sha256:bb32ba3ba3ea36e38572d9d8db76fa15f7cbf722f3f886e06bca6d528bd4fba8
    target: registry.ddbuild.io/system-tests/mirror/mcr.microsoft.com/dotnet/sdk:8.0
    tag: '8.0'
  mcr.microsoft.com/mssql/server:2022-latest:
    digest: sha256:ba4c8329f48fb8f02e1416be6a930ebfd71268caee78aa985f3af4315e457c89
    target: registry.ddbuild.io/system-tests/mirror/mcr.microsoft.com/mssql/server:2022-latest
    tag: 2022-latest
  mongo:latest:
    digest: sha256:e0ce8c35124d4a9f9785532d1f268f39e9728ffa1cb38f46fa482436424c4bd3
    target: registry.ddbuild.io/system-tests/mirror/mongo:latest
    tag: 8.2.12
  mysql/mysql-server:8.0.32:
    digest: sha256:d6c8301b7834c5b9c2b733b10b7e630f441af7bc917c74dba379f24eeeb6a313
    target: registry.ddbuild.io/system-tests/mirror/mysql/mysql-server:8.0.32
    tag: 8.0.32
  node:18-alpine:
    digest: sha256:8d6421d663b4c28fd3ebc498332f249011d118945588d0a35cb9bc4b8ca09d9e
    target: registry.ddbuild.io/system-tests/mirror/node:18-alpine
    tag: 18-alpine
  node:20-alpine:
    digest: sha256:fb4cd12c85ee03686f6af5362a0b0d56d50c58a04632e6c0fb8363f609372293
    target: registry.ddbuild.io/system-tests/mirror/node:20-alpine
    tag: 20-alpine
  node:22-alpine:
    digest: sha256:c610fcdfb1d5b4740dd70c284ed3cb16bb857e0f7166196e36a5501df7a3aa32
    target: registry.ddbuild.io/system-tests/mirror/node:22-alpine
    tag: 22-alpine
  otel/opentelemetry-collector-contrib:0.137.0:
    digest: sha256:886722fe0f37af9d1fe24d29529253ec59fbf263b3b1df4facaf221373e19d23
    target: registry.ddbuild.io/system-tests/mirror/otel/opentelemetry-collector-contrib:0.137.0
    tag: 0.137.0
  postgres:alpine:
    digest: sha256:d3e1620b530c944afa6e887d22eb899824da68e19c52024bf98f5220c88a65b2
    target: registry.ddbuild.io/system-tests/mirror/postgres:alpine
    tag: alpine
  public.ecr.aws/lambda/java:17:
    digest: sha256:0002ca3b89427822682815e2f8564ce784e247e2c59a974eb9a426b53cf73370
    target: registry.ddbuild.io/system-tests/mirror/public.ecr.aws/lambda/java:17
    tag: '17'
  public.ecr.aws/lambda/nodejs:18:
    digest: sha256:daf6a5c0a2b36153b94c91f3563e8ef89b3b19e4129963c6ccb07b8c5251f7ef
    target: registry.ddbuild.io/system-tests/mirror/public.ecr.aws/lambda/nodejs:18
    tag: '18'
  public.ecr.aws/lambda/python:3.13:
    digest: sha256:f0ad11f18a9e28d987059d232ea3fe2179845b36ad75859a45762b1d09fc6e10
    target: registry.ddbuild.io/system-tests/mirror/public.ecr.aws/lambda/python:3.13
    tag: '3.13'
  public.ecr.aws/lambda/ruby:3.4:
    digest: sha256:266d0609600759d62c2f02dca22814ab61f7fcd95878e2c863a413265a4f878c
    target: registry.ddbuild.io/system-tests/mirror/public.ecr.aws/lambda/ruby:3.4
    tag: '3.4'
  python:3.11-slim:
    digest: sha256:be1575ed968de893bd54f4c56315ff7c4736ce522c1bca08fd521731aafc0d76
    target: registry.ddbuild.io/system-tests/mirror/python:3.11-slim
    tag: 3.11-slim
  python:3.12-slim:
    digest: sha256:7a8b475003c4fe15a2cd4e55e5cfc2f3560bdc9333d624f24cdd6d4340fd7a17
    target: registry.ddbuild.io/system-tests/mirror/python:3.12-slim
    tag: 3.12-slim
  python:3.13-slim:
    digest: sha256:7e3a6aca9d74f93cca21a91d86a8dad8c34749afd5b4a98ee481c9c47b9f5ed4
    target: registry.ddbuild.io/system-tests/mirror/python:3.13-slim
    tag: 3.13-slim
  python:3.14-slim:
    digest: sha256:83ff1d245a3d57d04152252d3ef9cb361494d0b3395abd65a5ebe91c401c8e83
    target: registry.ddbuild.io/system-tests/mirror/python:3.14-slim
    tag: 3.14-slim
  rabbitmq:3.12-management-alpine:
    digest: sha256:0b44fbcc3a4bf22d00090f1353127577dbe1fcb109c41669733a9d7ecf6c3a78
    target: registry.ddbuild.io/system-tests/mirror/rabbitmq:3.12-management-alpine
    tag: 3.12-management-alpine
  rockylinux:9:
    digest: sha256:d7be1c094cc5845ee815d4632fe377514ee6ebcf8efaed6892889657e5ddaaa6
    target: registry.ddbuild.io/system-tests/mirror/rockylinux:9
    tag: '9'
  rust:1.94.1-slim-bookworm:
    digest: sha256:cf9dd0ec73e75f827fe59123fff9dc65af1a1c8363c3c31ee8d7f8ad0b6a5fb2
    target: registry.ddbuild.io/system-tests/mirror/rust:1.94.1-slim-bookworm
    tag: 1.94.1-slim-bookworm
  softwaremill/elasticmq-native:1.6.11:
    digest: sha256:fe3af4a8dd59f310b20e07ec3499cfdeb16a14f518c95ad7e70f200845dce3f5
    target: registry.ddbuild.io/system-tests/mirror/softwaremill/elasticmq-native:1.6.11
    tag: 1.6.11
  ubuntu:24.04:
    digest: sha256:33ceb71981b602c1a7443a53469e4dba065f7503eab3078a2d7a57a2ab987517
    target: registry.ddbuild.io/system-tests/mirror/ubuntu:24.04
    tag: '24.04'
