# Auto-generated by: uv run bin/mirror_images.py lock
# Do not edit manually.
version: 1
images:
  alpine:3.22:
    digest: sha256:5291449c3df73caf6ed85e649dec1b9e818b39a5d8c871e97afc13e9cd5e8fa8
    target: registry.ddbuild.io/system-tests/mirror/alpine:3.22
    tag: '3.22'
  apache/kafka:3.7.1:
    digest: sha256:ed74d7d115968d5e8b00ba6822ac6a384cbaaf54ca38991828647000d7089b68
    target: registry.ddbuild.io/system-tests/mirror/apache/kafka:3.7.1
    tag: 3.7.1
  cassandra:latest:
    digest: sha256:1d18946ead0b0d22ed0371bd7384d86f540465c489f2935e88df35e755073f6b
    target: registry.ddbuild.io/system-tests/mirror/cassandra:latest
    tag: 5.0.9
  datadog/agent:latest:
    digest: sha256:161a43ad2b290f7527a70e70c8880c1b3d65b39411552a8cb41398049546daf5
    target: registry.ddbuild.io/system-tests/mirror/datadog/agent:latest
    tag: 7.84.1
  datadog/dd-appsec-php-ci:php-8.0-release:
    digest: sha256:0c73504daf50c6794649fcc4d17bd54b5b52a59831d54143ba6a475a2635672b
    target: registry.ddbuild.io/system-tests/mirror/datadog/dd-appsec-php-ci:php-8.0-release
    tag: php-8.0-release
  datadog/dd-appsec-php-ci:php-8.2-release:
    digest: sha256:223c336b2fc1a000e22315a8762254b7171016d4400d556cc24ca41a499aa7af
    target: registry.ddbuild.io/system-tests/mirror/datadog/dd-appsec-php-ci:php-8.2-release
    tag: php-8.2-release
  datadog/serverless-init:1.10.4:
    digest: sha256:f4943347f155505156ba5f594317ea64b59678b3a6522e8c0993581af20956ff
    target: registry.ddbuild.io/system-tests/mirror/datadog/serverless-init:1.10.4
    tag: 1.10.4
  datadog/system-tests:apache-mod-7.0-zts.base-c32a9f8fabfa:
    digest: sha256:2e97ebed44524aee0bf6cb7b5cf431b19f6a22c2dbeaa832814b2e9dc6dc9954
    target: registry.ddbuild.io/system-tests/mirror/datadog/system-tests:apache-mod-7.0-zts.base-c32a9f8fabfa
    tag: apache-mod-7.0-zts.base-c32a9f8fabfa
  datadog/system-tests:apache-mod-7.0.base-d171f9d9cd49:
    digest: sha256:497ac0f938508a874c9d0eab4b81631f5a674ca062f4a4cef17b2a6d88a53643
    target: registry.ddbuild.io/system-tests/mirror/datadog/system-tests:apache-mod-7.0.base-d171f9d9cd49
    tag: apache-mod-7.0.base-d171f9d9cd49
  datadog/system-tests:apache-mod-7.1-zts.base-f85be52b50fb:
    digest: sha256:f42800a11e903307a059fcd80116ec8ba9b92534cfbd77a7ea61556881ebb1ec
    target: registry.ddbuild.io/system-tests/mirror/datadog/system-tests:apache-mod-7.1-zts.base-f85be52b50fb
    tag: apache-mod-7.1-zts.base-f85be52b50fb
  datadog/system-tests:apache-mod-7.1.base-3f1b6ccb42bf:
    digest: sha256:1ec4c45e3e342d086cc53ccf1b9ecd59ca3cd953ea8e76353f349badded171f7
    target: registry.ddbuild.io/system-tests/mirror/datadog/system-tests:apache-mod-7.1.base-3f1b6ccb42bf
    tag: apache-mod-7.1.base-3f1b6ccb42bf
  datadog/system-tests:apache-mod-7.2-zts.base-d72a52462af8:
    digest: sha256:86944ed43a0a43292a040f8384f2f84979be711c1441f3486cf46a4e8597ce80
    target: registry.ddbuild.io/system-tests/mirror/datadog/system-tests:apache-mod-7.2-zts.base-d72a52462af8
    tag: apache-mod-7.2-zts.base-d72a52462af8
  datadog/system-tests:apache-mod-7.2.base-97b4ad113bf7:
    digest: sha256:a6e747ed430695a9722049c8b3db839380e741dbfdbba4af315618d9075e2b61
    target: registry.ddbuild.io/system-tests/mirror/datadog/system-tests:apache-mod-7.2.base-97b4ad113bf7
    tag: apache-mod-7.2.base-97b4ad113bf7
  datadog/system-tests:apache-mod-7.3-zts.base-474465995b7d:
    digest: sha256:d3b0eb27db9977251d77b90d70f31c78865c35ad7b6d160458b0523a267e5629
    target: registry.ddbuild.io/system-tests/mirror/datadog/system-tests:apache-mod-7.3-zts.base-474465995b7d
    tag: apache-mod-7.3-zts.base-474465995b7d
  datadog/system-tests:apache-mod-7.3.base-7b5f5e879531:
    digest: sha256:69be42a2c717af62fe98db35f6afe6a62d9f37fabb99051b81aef2ba3d423785
    target: registry.ddbuild.io/system-tests/mirror/datadog/system-tests:apache-mod-7.3.base-7b5f5e879531
    tag: apache-mod-7.3.base-7b5f5e879531
  datadog/system-tests:apache-mod-7.4-zts.base-70c7e290c9da:
    digest: sha256:f3b54d1e10cf2fad87fd18aacd5381e892ee3b3d809e29801d1ea102e832513a
    target: registry.ddbuild.io/system-tests/mirror/datadog/system-tests:apache-mod-7.4-zts.base-70c7e290c9da
    tag: apache-mod-7.4-zts.base-70c7e290c9da
  datadog/system-tests:apache-mod-7.4.base-c9eeb1f5d7a0:
    digest: sha256:3454ab26d3d8a287b1916fdd9351c6614d9a4b79fe09fb04137898c7c33dea41
    target: registry.ddbuild.io/system-tests/mirror/datadog/system-tests:apache-mod-7.4.base-c9eeb1f5d7a0
    tag: apache-mod-7.4.base-c9eeb1f5d7a0
  datadog/system-tests:apache-mod-8.0-zts.base-14f418bd9fe1:
    digest: sha256:b175bb0ed88989156141cecdb175e3d655fa52893b5893545a8e43859c85ef5b
    target: registry.ddbuild.io/system-tests/mirror/datadog/system-tests:apache-mod-8.0-zts.base-14f418bd9fe1
    tag: apache-mod-8.0-zts.base-14f418bd9fe1
  datadog/system-tests:apache-mod-8.0.base-8eb5122e172d:
    digest: sha256:701a42d8fbf08e43f2a8b139a3e4a2c6931291b40bb16ff544674adeb823c425
    target: registry.ddbuild.io/system-tests/mirror/datadog/system-tests:apache-mod-8.0.base-8eb5122e172d
    tag: apache-mod-8.0.base-8eb5122e172d
  datadog/system-tests:apache-mod-8.1-zts.base-730619193062:
    digest: sha256:d630c75483086ef5758459550b54b8baee91ef8a070ddd811311e6c7eb14d02c
    target: registry.ddbuild.io/system-tests/mirror/datadog/system-tests:apache-mod-8.1-zts.base-730619193062
    tag: apache-mod-8.1-zts.base-730619193062
  datadog/system-tests:apache-mod-8.1.base-636387903f6f:
    digest: sha256:a4c4c2cef850b212a217a73c35569219c3c5aa726d02afd0bde5b2d256c8a8e0
    target: registry.ddbuild.io/system-tests/mirror/datadog/system-tests:apache-mod-8.1.base-636387903f6f
    tag: apache-mod-8.1.base-636387903f6f
  datadog/system-tests:apache-mod-8.2-zts.base-e2da877df5a0:
    digest: sha256:45c7f0aa3186f1cf19f1f10ea34e567483457cd86f721c0f790b45079d50c67b
    target: registry.ddbuild.io/system-tests/mirror/datadog/system-tests:apache-mod-8.2-zts.base-e2da877df5a0
    tag: apache-mod-8.2-zts.base-e2da877df5a0
  datadog/system-tests:apache-mod-8.2.base-35dff2a6fda0:
    digest: sha256:25af4880ac7aa09b822b60c8f350ab5b6d804488c23ed89eae3d6efb5a317c8a
    target: registry.ddbuild.io/system-tests/mirror/datadog/system-tests:apache-mod-8.2.base-35dff2a6fda0
    tag: apache-mod-8.2.base-35dff2a6fda0
  datadog/system-tests:django-poc.base-78e2159815b1:
    digest: sha256:0758657f4abcdaf68506c9eeefd034517c943ce10da8efe1f1689f944965285d
    target: registry.ddbuild.io/system-tests/mirror/datadog/system-tests:django-poc.base-78e2159815b1
    tag: django-poc.base-78e2159815b1
  datadog/system-tests:django-py3.13.base-d8262a2c816c:
    digest: sha256:b71678692a476b6acc3eb235edbb98bbb9c6b943e17c246ecb24937276807bc3
    target: registry.ddbuild.io/system-tests/mirror/datadog/system-tests:django-py3.13.base-d8262a2c816c
    tag: django-py3.13.base-d8262a2c816c
  datadog/system-tests:express4-typescript.base-eb800c09d602:
    digest: sha256:4c1359af1571b63dfcb95471fb9fa6a368329368ab5b51d755f35a347161e388
    target: registry.ddbuild.io/system-tests/mirror/datadog/system-tests:express4-typescript.base-eb800c09d602
    tag: express4-typescript.base-eb800c09d602
  datadog/system-tests:express4.base-7f2492d8a493:
    digest: sha256:cf844990d809371fa007843ed2929e70e06831cf87627f547371114c09e94cda
    target: registry.ddbuild.io/system-tests/mirror/datadog/system-tests:express4.base-7f2492d8a493
    tag: express4.base-7f2492d8a493
  datadog/system-tests:express5.base-1559679ceb8d:
    digest: sha256:0040e893313b1981a1f5b89425fde4116052b50425381ea269daceb7e5372bd8
    target: registry.ddbuild.io/system-tests/mirror/datadog/system-tests:express5.base-1559679ceb8d
    tag: express5.base-1559679ceb8d
  datadog/system-tests:fastapi.base-2917769b3665:
    digest: sha256:f72a31702ffaabc1ba5e43042963e9cea965d1be6256d9d8a58e7e2381090d40
    target: registry.ddbuild.io/system-tests/mirror/datadog/system-tests:fastapi.base-2917769b3665
    tag: fastapi.base-2917769b3665
  datadog/system-tests:fastify.base-bce27c61b3f5:
    digest: sha256:984e566d8eb604d53c1532a55559549f4c443ac73caf41664bb73241e529357c
    target: registry.ddbuild.io/system-tests/mirror/datadog/system-tests:fastify.base-bce27c61b3f5
    tag: fastify.base-bce27c61b3f5
  datadog/system-tests:flask-poc.base-fa81f4f89ea4:
    digest: sha256:f300cff471470574ce8263292f54ab745ffacfa8af741dd41be15a8c947e2e0e
    target: registry.ddbuild.io/system-tests/mirror/datadog/system-tests:flask-poc.base-fa81f4f89ea4
    tag: flask-poc.base-fa81f4f89ea4
  datadog/system-tests:golang_buddy-v2:
    digest: sha256:b567fa2e328f24c74aab600e8bf07362b4265ac508413a83e06afddb399bee80
    target: registry.ddbuild.io/system-tests/mirror/datadog/system-tests:golang_buddy-v2
    tag: golang_buddy-v2
  datadog/system-tests:java-lambda-runtime.base-e849230b09df:
    digest: sha256:0ed8d03a1d80c5e8dc78991a6fd9d32021f6282898a73ce9c5e43b444b630327
    target: registry.ddbuild.io/system-tests/mirror/datadog/system-tests:java-lambda-runtime.base-e849230b09df
    tag: java-lambda-runtime.base-e849230b09df
  datadog/system-tests:java_buddy-v1:
    digest: sha256:67aac2b7c0c88b40da498fbc74b48f0a62702148e5c9256c5752a9e624d972ce
    target: registry.ddbuild.io/system-tests/mirror/datadog/system-tests:java_buddy-v1
    tag: java_buddy-v1
  datadog/system-tests:lambda-proxy-v1:
    digest: sha256:2b09f33c61b2b19f4a239e4d8f10164ece66d925b72337720998ce43d7090d2f
    target: registry.ddbuild.io/system-tests/mirror/datadog/system-tests:lambda-proxy-v1
    tag: lambda-proxy-v1
  datadog/system-tests:nextjs.base-95582a903467:
    digest: sha256:128b7524cde00a739246166feef66b0d512388005dc125b0f11034555a8b6a70
    target: registry.ddbuild.io/system-tests/mirror/datadog/system-tests:nextjs.base-95582a903467
    tag: nextjs.base-95582a903467
  datadog/system-tests:nodejs-lambda-runtime.base-f7f78c7298cf:
    digest: sha256:6f2d40e78bc96937010874e2b7f23ef9effb5e087c0cdf674f9b1ca0bcb631a8
    target: registry.ddbuild.io/system-tests/mirror/datadog/system-tests:nodejs-lambda-runtime.base-f7f78c7298cf
    tag: nodejs-lambda-runtime.base-f7f78c7298cf
  datadog/system-tests:nodejs_buddy-v1:
    digest: sha256:71d124f74d4d7ac706f1afa8d5950864e1e931ec3b511f540b49eb6328c0338e
    target: registry.ddbuild.io/system-tests/mirror/datadog/system-tests:nodejs_buddy-v1
    tag: nodejs_buddy-v1
  datadog/system-tests:openai-py.base-b4fd56aee3f2:
    digest: sha256:197c03e69fb63974baaa169769ad1e36deb751703e7a77f3bc2a76fe4346c1ff
    target: registry.ddbuild.io/system-tests/mirror/datadog/system-tests:openai-py.base-b4fd56aee3f2
    tag: openai-py.base-b4fd56aee3f2
  datadog/system-tests:php-fpm-7.0.base-c49018c745e1:
    digest: sha256:f1b3f111a5d1c3f7de4d233edcd0052017af27adaca65e71f3964c5d69a65a8c
    target: registry.ddbuild.io/system-tests/mirror/datadog/system-tests:php-fpm-7.0.base-c49018c745e1
    tag: php-fpm-7.0.base-c49018c745e1
  datadog/system-tests:php-fpm-7.1.base-910d557560fe:
    digest: sha256:1feb3ee62007a8af472f6b78542eb47628cfe5560f7a9081870c866c7a659f57
    target: registry.ddbuild.io/system-tests/mirror/datadog/system-tests:php-fpm-7.1.base-910d557560fe
    tag: php-fpm-7.1.base-910d557560fe
  datadog/system-tests:php-fpm-7.2.base-3fc07ca7d612:
    digest: sha256:cb604af37c5cda100cd96b0a61ffad8993891e948c9f9abe7a71610e3b4cbbdf
    target: registry.ddbuild.io/system-tests/mirror/datadog/system-tests:php-fpm-7.2.base-3fc07ca7d612
    tag: php-fpm-7.2.base-3fc07ca7d612
  datadog/system-tests:php-fpm-7.3.base-57170013e791:
    digest: sha256:3b83af877b6cc0679bcee74e5a7806268a6110b2f1a3a976fdd1cf9782a9e3cf
    target: registry.ddbuild.io/system-tests/mirror/datadog/system-tests:php-fpm-7.3.base-57170013e791
    tag: php-fpm-7.3.base-57170013e791
  datadog/system-tests:php-fpm-7.4.base-5785e22b9e7a:
    digest: sha256:8da6374532e3fb2860171b4515f0c137c016d84d32aab92b27f5912f882639d8
    target: registry.ddbuild.io/system-tests/mirror/datadog/system-tests:php-fpm-7.4.base-5785e22b9e7a
    tag: php-fpm-7.4.base-5785e22b9e7a
  datadog/system-tests:php-fpm-8.0.base-f188ce9edd45:
    digest: sha256:20221895cb35afad4a1e5e38e1f564276c0ab1162d877a7c9e30fd02b6de7822
    target: registry.ddbuild.io/system-tests/mirror/datadog/system-tests:php-fpm-8.0.base-f188ce9edd45
    tag: php-fpm-8.0.base-f188ce9edd45
  datadog/system-tests:php-fpm-8.1.base-0e71904f30d8:
    digest: sha256:cfd6c035c402004bac3d8c6d528dfb7f9ca3177e1c6846c6e3ff891bf4d0b11e
    target: registry.ddbuild.io/system-tests/mirror/datadog/system-tests:php-fpm-8.1.base-0e71904f30d8
    tag: php-fpm-8.1.base-0e71904f30d8
  datadog/system-tests:php-fpm-8.2.base-1be933a8c32c:
    digest: sha256:6615ed84ae925ca56e633ec3f73bff7db9633800e9e69cdfe678e9f61337c8a0
    target: registry.ddbuild.io/system-tests/mirror/datadog/system-tests:php-fpm-8.2.base-1be933a8c32c
    tag: php-fpm-8.2.base-1be933a8c32c
  datadog/system-tests:php-fpm-8.5.base-1f31aeca4e5b:
    digest: sha256:41ad96b8a25f778e4d1360b0ac3927ad458401adc736facd3b5c92764854742e
    target: registry.ddbuild.io/system-tests/mirror/datadog/system-tests:php-fpm-8.5.base-1f31aeca4e5b
    tag: php-fpm-8.5.base-1f31aeca4e5b
  datadog/system-tests:proxy-v1:
    digest: sha256:02ce356eafacfe04d3022ff505e2dbb9e47cd3c55244b7918ff6fc824db85f02
    target: registry.ddbuild.io/system-tests/mirror/datadog/system-tests:proxy-v1
    tag: proxy-v1
  datadog/system-tests:python-lambda-runtime.base-944cdc8541b3:
    digest: sha256:cf99198e2bf2d697238f3b1d1962ce805c41a52ac7939038e5a8a524994655f4
    target: registry.ddbuild.io/system-tests/mirror/datadog/system-tests:python-lambda-runtime.base-944cdc8541b3
    tag: python-lambda-runtime.base-944cdc8541b3
  datadog/system-tests:python3.12.base-604705958847:
    digest: sha256:a55c34668794e06a125ea3882fc9d0e31a8b84b4742b6a778c2fba82513cfb65
    target: registry.ddbuild.io/system-tests/mirror/datadog/system-tests:python3.12.base-604705958847
    tag: python3.12.base-604705958847
  datadog/system-tests:python_buddy-v2:
    digest: sha256:abbd02d4495d83c66af12b5562ccca0077800cb920142375cd48dcfc8aeb1596
    target: registry.ddbuild.io/system-tests/mirror/datadog/system-tests:python_buddy-v2
    tag: python_buddy-v2
  datadog/system-tests:ruby-lambda-runtime.base-78548bc44bd6:
    digest: sha256:7d9e2dbb7c34f2eab2431fcdba3d0b695350f29e24e074319f74815a5c3b5f00
    target: registry.ddbuild.io/system-tests/mirror/datadog/system-tests:ruby-lambda-runtime.base-78548bc44bd6
    tag: ruby-lambda-runtime.base-78548bc44bd6
  datadog/system-tests:ruby_buddy-v2:
    digest: sha256:939d3828d85666a598c0349a6dd933fe1d92c5daa5d01438512d950ea3ccc258
    target: registry.ddbuild.io/system-tests/mirror/datadog/system-tests:ruby_buddy-v2
    tag: ruby_buddy-v2
  datadog/system-tests:tornado.base-301b798ae137:
    digest: sha256:f70f19529017e592b05be0f49669dda059c91ef608f53bdf460a2a437dc93bd8
    target: registry.ddbuild.io/system-tests/mirror/datadog/system-tests:tornado.base-301b798ae137
    tag: tornado.base-301b798ae137
  datadog/system-tests:uwsgi-poc.base-24176640f4fe:
    digest: sha256:2af80513f222e32ba1b75f76cbcefabf757961e8882f99c4df7ee92cb5a9b9a1
    target: registry.ddbuild.io/system-tests/mirror/datadog/system-tests:uwsgi-poc.base-24176640f4fe
    tag: uwsgi-poc.base-24176640f4fe
  debian:bookworm-slim:
    digest: sha256:3783cc01769c7b2b1b83a5c5ad96c815348e28ed7da68e2e3687004faa906251
    target: registry.ddbuild.io/system-tests/mirror/debian:bookworm-slim
    tag: bookworm-slim
  debian:stable-slim:
    digest: sha256:5bc3287b25407c965a30f38e32603dc253a3869e1b12a21ac09bfc27fd8b13ce
    target: registry.ddbuild.io/system-tests/mirror/debian:stable-slim
    tag: stable-slim
  demisto/fastapi:0.116.1.4266494:
    digest: sha256:057fb83c60e7685a35d99229ece21c4cdcc962adfdc50251bf829b5694a95722
    target: registry.ddbuild.io/system-tests/mirror/demisto/fastapi:0.116.1.4266494
    tag: 0.116.1.4266494
  eclipse-temurin:11-jre:
    digest: sha256:ad419849e59e2c7a325078dff5eb64db6f61c8872e316dfd501031ed72efc2dd
    target: registry.ddbuild.io/system-tests/mirror/eclipse-temurin:11-jre
    tag: 11-jre
  eclipse-temurin:17-jre:
    digest: sha256:207ecae0b2b104dfc6dfa763d1e9cd2041cb344800a180e24cb1a28ed533ff90
    target: registry.ddbuild.io/system-tests/mirror/eclipse-temurin:17-jre
    tag: 17-jre
  ghcr.io/datadog/dd-apm-test-agent/ddapm-test-agent:v1.67.0:
    digest: sha256:b79a36b24977153d80e501e670bb1dcf95d50a694d98f748cd25d8a9a96fa843
    target: registry.ddbuild.io/system-tests/mirror/ghcr.io/datadog/dd-apm-test-agent/ddapm-test-agent:v1.67.0
    tag: v1.67.0
  ghcr.io/datadog/images-rb/engines/ruby:2.5-gnu-gcc:
    digest: sha256:9cb908874c97382ac64f6c6ea58d9bad24e6dc6fdea795ab264652e83b41c966
    target: registry.ddbuild.io/system-tests/mirror/ghcr.io/datadog/images-rb/engines/ruby:2.5-gnu-gcc
    tag: 2.5-gnu-gcc
  ghcr.io/datadog/images-rb/engines/ruby:2.7-gnu-gcc:
    digest: sha256:acf65aea9479be89a9ad4efd0134b37e1f3201daef77239c59f8a66c2a7a1ec3
    target: registry.ddbuild.io/system-tests/mirror/ghcr.io/datadog/images-rb/engines/ruby:2.7-gnu-gcc
    tag: 2.7-gnu-gcc
  ghcr.io/datadog/images-rb/engines/ruby:3.0-gnu-gcc:
    digest: sha256:9501a95807a5a53d704e043adca705dd1e604b44c2887b35024e655b32e1c01d
    target: registry.ddbuild.io/system-tests/mirror/ghcr.io/datadog/images-rb/engines/ruby:3.0-gnu-gcc
    tag: 3.0-gnu-gcc
  ghcr.io/datadog/images-rb/engines/ruby:3.1-gnu-gcc:
    digest: sha256:01370848d4587e3ffb36ccce6030900868e8022d3d77a4507b5b50d41e113a1d
    target: registry.ddbuild.io/system-tests/mirror/ghcr.io/datadog/images-rb/engines/ruby:3.1-gnu-gcc
    tag: 3.1-gnu-gcc
  ghcr.io/datadog/images-rb/engines/ruby:3.4-gnu-gcc:
    digest: sha256:4739546bda4addb0a8a7d2236e598310457a45cd315d508094bee72a00ef3e19
    target: registry.ddbuild.io/system-tests/mirror/ghcr.io/datadog/images-rb/engines/ruby:3.4-gnu-gcc
    tag: 3.4-gnu-gcc
  ghcr.io/graalvm/native-image-community:22.0.0:
    digest: sha256:0e7b3ee194aadc80845a29cd4e6501b9ed4422e6b998267926df31d63caf4770
    target: registry.ddbuild.io/system-tests/mirror/ghcr.io/graalvm/native-image-community:22.0.0
    tag: 22.0.0
  ghcr.io/oras-project/oras:v1.2.3:
    digest: sha256:63266a046d1cf5ebebb1461733ed7548148f122e0d422096e177cfa70b521cb1
    target: registry.ddbuild.io/system-tests/mirror/ghcr.io/oras-project/oras:v1.2.3
    tag: v1.2.3
  golang:1.26:
    digest: sha256:0f063af2d465d8dcae54cce04278ada488b96f77b42449c8d071e47d016cc65a
    target: registry.ddbuild.io/system-tests/mirror/golang:1.26
    tag: '1.26'
  golang:1.26-alpine:
    digest: sha256:8ac98ca534ac3f51e1f420a1dd2c15e74c75cfa0f23f3ad27eb5d7236c349a0c
    target: registry.ddbuild.io/system-tests/mirror/golang:1.26-alpine
    tag: 1.26-alpine
  kong/kong-gateway:3.4:
    digest: sha256:e439f2f25e0a8723fa20b94c68840703fcae867fa3572442b7c9014def80d315
    target: registry.ddbuild.io/system-tests/mirror/kong/kong-gateway:3.4
    tag: '3.4'
  localstack/localstack:4.1:
    digest: sha256:97ccc65daec3542bd2cb3160d7355f11e89ad8027fd3c834b9d1197d197d866f
    target: registry.ddbuild.io/system-tests/mirror/localstack/localstack:4.1
    tag: '4.1'
  maven:3.6-jdk-11:
    digest: sha256:1d29ccf46ef2a5e64f7de3d79a63f9bcffb4dc56be0ae3daed5ca5542b38aa2d
    target: registry.ddbuild.io/system-tests/mirror/maven:3.6-jdk-11
    tag: 3.6-jdk-11
  maven:3.8-jdk-11:
    digest: sha256:805f366910aea2a91ed263654d23df58bd239f218b2f9562ff51305be81fa215
    target: registry.ddbuild.io/system-tests/mirror/maven:3.8-jdk-11
    tag: 3.8-jdk-11
  maven:3.9-eclipse-temurin-11:
    digest: sha256:7bb84a451705605a47d24eb844d4d9ab03e33e131a507db76aafe25db3907f64
    target: registry.ddbuild.io/system-tests/mirror/maven:3.9-eclipse-temurin-11
    tag: 3.9-eclipse-temurin-11
  maven:3.9-eclipse-temurin-17:
    digest: sha256:1a352420f7aba21f5ad08df31bab55f74c013fb491f1ae8ab1dd7ff9ed698584
    target: registry.ddbuild.io/system-tests/mirror/maven:3.9-eclipse-temurin-17
    tag: 3.9-eclipse-temurin-17
  maven:3.9.14-eclipse-temurin-17:
    digest: sha256:674de0df5a38cfe793a587829a181835f8af3ea1f556be7172e0aa547274bcc9
    target: registry.ddbuild.io/system-tests/mirror/maven:3.9.14-eclipse-temurin-17
    tag: 3.9.14-eclipse-temurin-17
  maven:3.9.9-eclipse-temurin-17-focal:
    digest: sha256:45ddc84a2e7f75ab7faf290085a0292dd8adc5e7674a89231f6a879b60f4358d
    target: registry.ddbuild.io/system-tests/mirror/maven:3.9.9-eclipse-temurin-17-focal
    tag: 3.9.9-eclipse-temurin-17-focal
  mcr.microsoft.com/dotnet/aspnet:8.0:
    digest: sha256:2f202e1169ec507bdc07007cf68c14d0ff3a098110b17c460a60185e1f36a9d1
    target: registry.ddbuild.io/system-tests/mirror/mcr.microsoft.com/dotnet/aspnet:8.0
    tag: '8.0'
  mcr.microsoft.com/dotnet/sdk:8.0:
    digest: sha256:78235e09001f52b6592c458ac010775ebac6725422e80cd0c1650590f67b2743
    target: registry.ddbuild.io/system-tests/mirror/mcr.microsoft.com/dotnet/sdk:8.0
    tag: '8.0'
  mcr.microsoft.com/mssql/server:2022-latest:
    digest: sha256:4402d880dd4c34bfa7d8705e56a86cd6c88da80a1f6bbbe741f999e76264a090
    target: registry.ddbuild.io/system-tests/mirror/mcr.microsoft.com/mssql/server:2022-latest
    tag: 2022-latest
  mongo:latest:
    digest: sha256:bac22ea7710d774103dcad3ec8ac13cba1eb378f488e3ce8a6b3a1adf2ba9dcc
    target: registry.ddbuild.io/system-tests/mirror/mongo:latest
    tag: 9.0.2
  mysql/mysql-server:8.0.32:
    digest: sha256:d6c8301b7834c5b9c2b733b10b7e630f441af7bc917c74dba379f24eeeb6a313
    target: registry.ddbuild.io/system-tests/mirror/mysql/mysql-server:8.0.32
    tag: 8.0.32
  node:18-alpine:
    digest: sha256:8d6421d663b4c28fd3ebc498332f249011d118945588d0a35cb9bc4b8ca09d9e
    target: registry.ddbuild.io/system-tests/mirror/node:18-alpine
    tag: 18-alpine
  node:20-alpine:
    digest: sha256:fb4cd12c85ee03686f6af5362a0b0d56d50c58a04632e6c0fb8363f609372293
    target: registry.ddbuild.io/system-tests/mirror/node:20-alpine
    tag: 20-alpine
  node:22-alpine:
    digest: sha256:0a7108bf6c7bf5de370ffb1a3ed6be93d405b43ff159f681a8d18c0e2bc2e402
    target: registry.ddbuild.io/system-tests/mirror/node:22-alpine
    tag: 22-alpine
  otel/opentelemetry-collector-contrib:0.137.0:
    digest: sha256:886722fe0f37af9d1fe24d29529253ec59fbf263b3b1df4facaf221373e19d23
    target: registry.ddbuild.io/system-tests/mirror/otel/opentelemetry-collector-contrib:0.137.0
    tag: 0.137.0
  postgres:alpine:
    digest: sha256:77f585114c32fbca283dc835b0596f4e52b51b4c6662d7810b2f4084f60a1873
    target: registry.ddbuild.io/system-tests/mirror/postgres:alpine
    tag: alpine
  public.ecr.aws/lambda/java:17:
    digest: sha256:d4faa32752c7c03c72f0e514a81f57cb671c0a8fc5047adae246f1e2120fbea6
    target: registry.ddbuild.io/system-tests/mirror/public.ecr.aws/lambda/java:17
    tag: '17'
  public.ecr.aws/lambda/nodejs:18:
    digest: sha256:daf6a5c0a2b36153b94c91f3563e8ef89b3b19e4129963c6ccb07b8c5251f7ef
    target: registry.ddbuild.io/system-tests/mirror/public.ecr.aws/lambda/nodejs:18
    tag: '18'
  public.ecr.aws/lambda/python:3.13:
    digest: sha256:0fddf7542198843bd5a488b17e35473659fdf69f0788c7b3563f0231edf3384d
    target: registry.ddbuild.io/system-tests/mirror/public.ecr.aws/lambda/python:3.13
    tag: '3.13'
  public.ecr.aws/lambda/ruby:3.4:
    digest: sha256:3cb24b68147294bd67269d2d96760cd5d7eebc2b50992703d4d31487ac3bae3c
    target: registry.ddbuild.io/system-tests/mirror/public.ecr.aws/lambda/ruby:3.4
    tag: '3.4'
  python:3.11-slim:
    digest: sha256:6f31d6e9ba2b0a787a3f81c37b004155b87b9efa1b771182bd550c1615745be5
    target: registry.ddbuild.io/system-tests/mirror/python:3.11-slim
    tag: 3.11-slim
  python:3.12-slim:
    digest: sha256:02108f5d322dd89f1c9e552442c25acb0543dfdbc455693a5599624f20d9155d
    target: registry.ddbuild.io/system-tests/mirror/python:3.12-slim
    tag: 3.12-slim
  python:3.13-slim:
    digest: sha256:3dd7cc108ec1493442514f5c2a871af6af0ec31d768ff6e378a93340c3b3db5f
    target: registry.ddbuild.io/system-tests/mirror/python:3.13-slim
    tag: 3.13-slim
  python:3.14-slim:
    digest: sha256:c3e521df8b2b498a7a682e7e18676771cb80c6b75b8699af886b2d554ce40151
    target: registry.ddbuild.io/system-tests/mirror/python:3.14-slim
    tag: 3.14-slim
  rabbitmq:3.12-management-alpine:
    digest: sha256:0b44fbcc3a4bf22d00090f1353127577dbe1fcb109c41669733a9d7ecf6c3a78
    target: registry.ddbuild.io/system-tests/mirror/rabbitmq:3.12-management-alpine
    tag: 3.12-management-alpine
  rockylinux:9:
    digest: sha256:d7be1c094cc5845ee815d4632fe377514ee6ebcf8efaed6892889657e5ddaaa6
    target: registry.ddbuild.io/system-tests/mirror/rockylinux:9
    tag: '9'
  rust:1.94.1-slim-bookworm:
    digest: sha256:cf9dd0ec73e75f827fe59123fff9dc65af1a1c8363c3c31ee8d7f8ad0b6a5fb2
    target: registry.ddbuild.io/system-tests/mirror/rust:1.94.1-slim-bookworm
    tag: 1.94.1-slim-bookworm
  softwaremill/elasticmq-native:1.6.11:
    digest: sha256:fe3af4a8dd59f310b20e07ec3499cfdeb16a14f518c95ad7e70f200845dce3f5
    target: registry.ddbuild.io/system-tests/mirror/softwaremill/elasticmq-native:1.6.11
    tag: 1.6.11
  ubuntu:24.04:
    digest: sha256:534baea6a22c03a63003dbc8dbe78fe34bc0d7e595d9a9dc9834884ff530eb55
    target: registry.ddbuild.io/system-tests/mirror/ubuntu:24.04
    tag: '24.04'
