# Auto-generated by: uv run bin/mirror_images.py lock
# Do not edit manually.
version: 1
images:
  alpine:3.22:
    digest: sha256:14358309a308569c32bdc37e2e0e9694be33a9d99e68afb0f5ff33cc1f695dce
    target: registry.ddbuild.io/system-tests/mirror/alpine:3.22
    tag: '3.22'
  apache/kafka:3.7.1:
    digest: sha256:ed74d7d115968d5e8b00ba6822ac6a384cbaaf54ca38991828647000d7089b68
    target: registry.ddbuild.io/system-tests/mirror/apache/kafka:3.7.1
    tag: 3.7.1
  cassandra:latest:
    digest: sha256:755db0086160b6898e890959343dec1544ff27e7fa8ecc955c2f4b28c40a2f1a
    target: registry.ddbuild.io/system-tests/mirror/cassandra:latest
    tag: 5.0.8
  datadog/agent:latest:
    digest: sha256:2a798352bb00af4f64908809af46bbd211e1f087e6509e8ca0722fba45385c01
    target: registry.ddbuild.io/system-tests/mirror/datadog/agent:latest
    tag: 7.80.1
  datadog/dd-appsec-php-ci:php-8.0-release:
    digest: sha256:f6c7557c63d9da34d081bc681768798bc4f70d8be36c565c526e57cecd6c2249
    target: registry.ddbuild.io/system-tests/mirror/datadog/dd-appsec-php-ci:php-8.0-release
    tag: php-8.0-release
  datadog/dd-appsec-php-ci:php-8.2-release:
    digest: sha256:0199e251729b25276f97049cbcd39dd1997e98413a07b10a3c7e9e755d505a42
    target: registry.ddbuild.io/system-tests/mirror/datadog/dd-appsec-php-ci:php-8.2-release
    tag: php-8.2-release
  datadog/system-tests:apache-mod-7.0-zts.base-30a90cdd0d70:
    digest: sha256:dfbcda357be70570a56530b2c6b4a0bba17feab308f50de6e577f2bfe570c972
    target: registry.ddbuild.io/system-tests/mirror/datadog/system-tests:apache-mod-7.0-zts.base-30a90cdd0d70
    tag: apache-mod-7.0-zts.base-30a90cdd0d70
  datadog/system-tests:apache-mod-7.0.base-e59b822ee4a9:
    digest: sha256:01cf81fe7203012bce16ee77ac0ee35822ed3be73d1ba4f5e74edd93b6fd508d
    target: registry.ddbuild.io/system-tests/mirror/datadog/system-tests:apache-mod-7.0.base-e59b822ee4a9
    tag: apache-mod-7.0.base-e59b822ee4a9
  datadog/system-tests:apache-mod-7.1-zts.base-c2b62c7c7dcc:
    digest: sha256:f88667330e3f47f700551e343ac0d0f6852fcd0362574e989ef8a169a0e264f4
    target: registry.ddbuild.io/system-tests/mirror/datadog/system-tests:apache-mod-7.1-zts.base-c2b62c7c7dcc
    tag: apache-mod-7.1-zts.base-c2b62c7c7dcc
  datadog/system-tests:apache-mod-7.1.base-bb0343f406da:
    digest: sha256:640422d1febd7fd83f402217181a563792fcbceb982532dae4aae2897f045caa
    target: registry.ddbuild.io/system-tests/mirror/datadog/system-tests:apache-mod-7.1.base-bb0343f406da
    tag: apache-mod-7.1.base-bb0343f406da
  datadog/system-tests:apache-mod-7.2-zts.base-ba04a715c524:
    digest: sha256:5045f74fcc25d840aa519fa2e81fa670a68582d6330fa1ee1645bb0b7abc4218
    target: registry.ddbuild.io/system-tests/mirror/datadog/system-tests:apache-mod-7.2-zts.base-ba04a715c524
    tag: apache-mod-7.2-zts.base-ba04a715c524
  datadog/system-tests:apache-mod-7.2.base-f77bf3c8caf9:
    digest: sha256:ab22ad204c1db49d2b512976c543b191dfe4552dbb7aedaa26508a37404bf6b7
    target: registry.ddbuild.io/system-tests/mirror/datadog/system-tests:apache-mod-7.2.base-f77bf3c8caf9
    tag: apache-mod-7.2.base-f77bf3c8caf9
  datadog/system-tests:apache-mod-7.3-zts.base-677f71dabd57:
    digest: sha256:4bd91ead95ed4b38a5c06a79ff3163e80b7ff33c684001e9c08e02d6e23e768d
    target: registry.ddbuild.io/system-tests/mirror/datadog/system-tests:apache-mod-7.3-zts.base-677f71dabd57
    tag: apache-mod-7.3-zts.base-677f71dabd57
  datadog/system-tests:apache-mod-7.3.base-a6df1eb82687:
    digest: sha256:8a9007e532aad766828d2c37e85be070686c101fa1617cc5637eb98cd755633a
    target: registry.ddbuild.io/system-tests/mirror/datadog/system-tests:apache-mod-7.3.base-a6df1eb82687
    tag: apache-mod-7.3.base-a6df1eb82687
  datadog/system-tests:apache-mod-7.4-zts.base-26a106fa0831:
    digest: sha256:75b8abfb08544219e923347bdaa94cf31b589de761fc787b3fb29e2498aa8250
    target: registry.ddbuild.io/system-tests/mirror/datadog/system-tests:apache-mod-7.4-zts.base-26a106fa0831
    tag: apache-mod-7.4-zts.base-26a106fa0831
  datadog/system-tests:apache-mod-7.4.base-d045ea0acdd6:
    digest: sha256:2d6fc5912c5a26405c8e6ba5f526697d155616b50a5474a7c07df86bbeeb9aa1
    target: registry.ddbuild.io/system-tests/mirror/datadog/system-tests:apache-mod-7.4.base-d045ea0acdd6
    tag: apache-mod-7.4.base-d045ea0acdd6
  datadog/system-tests:apache-mod-8.0-zts.base-4e536ab86c30:
    digest: sha256:20168a02dc7b5d0453006ae5e8cd07a4d298724de5aa9526b4e76069175fe62a
    target: registry.ddbuild.io/system-tests/mirror/datadog/system-tests:apache-mod-8.0-zts.base-4e536ab86c30
    tag: apache-mod-8.0-zts.base-4e536ab86c30
  datadog/system-tests:apache-mod-8.0.base-b49ee736525f:
    digest: sha256:459993d4e85defe612120321b42d51fdb8b54d07965205ae0a865fe1ebf94ff3
    target: registry.ddbuild.io/system-tests/mirror/datadog/system-tests:apache-mod-8.0.base-b49ee736525f
    tag: apache-mod-8.0.base-b49ee736525f
  datadog/system-tests:apache-mod-8.1-zts.base-15615934616c:
    digest: sha256:2beb08faf4a47a1a2fc50dac2d4e3888ef1524d52d4334de6261aa124a7bc344
    target: registry.ddbuild.io/system-tests/mirror/datadog/system-tests:apache-mod-8.1-zts.base-15615934616c
    tag: apache-mod-8.1-zts.base-15615934616c
  datadog/system-tests:apache-mod-8.1.base-7ce67f3caca6:
    digest: sha256:6dc6d675f431777b47b51f595d262a37cd22c5f5888d0ee55b8450becee585c4
    target: registry.ddbuild.io/system-tests/mirror/datadog/system-tests:apache-mod-8.1.base-7ce67f3caca6
    tag: apache-mod-8.1.base-7ce67f3caca6
  datadog/system-tests:apache-mod-8.2-zts.base-ccd1c30e3931:
    digest: sha256:200d4b664f1e7cf6c94de101fbc5b77c16846b32d7db5c992c52fd293c03d545
    target: registry.ddbuild.io/system-tests/mirror/datadog/system-tests:apache-mod-8.2-zts.base-ccd1c30e3931
    tag: apache-mod-8.2-zts.base-ccd1c30e3931
  datadog/system-tests:apache-mod-8.2.base-4dd8995cad4b:
    digest: sha256:05ce32d214801a7b00b76351c47777f8dfdde2336fca25637b8e48c351ac024b
    target: registry.ddbuild.io/system-tests/mirror/datadog/system-tests:apache-mod-8.2.base-4dd8995cad4b
    tag: apache-mod-8.2.base-4dd8995cad4b
  datadog/system-tests:django-poc.base-9b8770417d5b:
    digest: sha256:3cfb5934f9f57969ba6e942f0067649ed1ec4e8241ea4c32172fbc94af830906
    target: registry.ddbuild.io/system-tests/mirror/datadog/system-tests:django-poc.base-9b8770417d5b
    tag: django-poc.base-9b8770417d5b
  datadog/system-tests:django-py3.13.base-e22791f1467f:
    digest: sha256:a9c42169fdd1d6eaa6a4277e0885bc6149d3e55d8e5e884a11b64b1f8f09ca63
    target: registry.ddbuild.io/system-tests/mirror/datadog/system-tests:django-py3.13.base-e22791f1467f
    tag: django-py3.13.base-e22791f1467f
  datadog/system-tests:express4-typescript.base-5a6443a4b490:
    digest: sha256:119eb162a19e9f25794496e51ddd7071e1f750d4c30e29cbb18aaafccec47fa7
    target: registry.ddbuild.io/system-tests/mirror/datadog/system-tests:express4-typescript.base-5a6443a4b490
    tag: express4-typescript.base-5a6443a4b490
  datadog/system-tests:express4.base-e8faf1625864:
    digest: sha256:f1e7634f37bf1720d36b939a0d040267009c4ca17d1c921cbdc7bbf8491570dc
    target: registry.ddbuild.io/system-tests/mirror/datadog/system-tests:express4.base-e8faf1625864
    tag: express4.base-e8faf1625864
  datadog/system-tests:express5.base-d7bd8d04947e:
    digest: sha256:19116f81dbe45e1d6964326a5ed3c5ddbaffc64055c588413904241aac3b2666
    target: registry.ddbuild.io/system-tests/mirror/datadog/system-tests:express5.base-d7bd8d04947e
    tag: express5.base-d7bd8d04947e
  datadog/system-tests:fastapi.base-d54b5c6b4a0d:
    digest: sha256:f6115c4c913042c9d84b5678ac36dbf8cc0f74b20fb578901753e29cf81fb642
    target: registry.ddbuild.io/system-tests/mirror/datadog/system-tests:fastapi.base-d54b5c6b4a0d
    tag: fastapi.base-d54b5c6b4a0d
  datadog/system-tests:fastify.base-2b4aa1fe4dbe:
    digest: sha256:55f2ba2fed0bb1188e9eecc077c5e5be0b19b85e8c75b8888e827ffa124028e2
    target: registry.ddbuild.io/system-tests/mirror/datadog/system-tests:fastify.base-2b4aa1fe4dbe
    tag: fastify.base-2b4aa1fe4dbe
  datadog/system-tests:flask-poc.base-7fa743294dfe:
    digest: sha256:7362484aea82ccd392c4e35b86b94ade49908ecb88e687fa4fdf5f884444dfca
    target: registry.ddbuild.io/system-tests/mirror/datadog/system-tests:flask-poc.base-7fa743294dfe
    tag: flask-poc.base-7fa743294dfe
  datadog/system-tests:golang_buddy-v2:
    digest: sha256:b567fa2e328f24c74aab600e8bf07362b4265ac508413a83e06afddb399bee80
    target: registry.ddbuild.io/system-tests/mirror/datadog/system-tests:golang_buddy-v2
    tag: golang_buddy-v2
  datadog/system-tests:java_buddy-v1:
    digest: sha256:67aac2b7c0c88b40da498fbc74b48f0a62702148e5c9256c5752a9e624d972ce
    target: registry.ddbuild.io/system-tests/mirror/datadog/system-tests:java_buddy-v1
    tag: java_buddy-v1
  datadog/system-tests:lambda-proxy-v1:
    digest: sha256:2b09f33c61b2b19f4a239e4d8f10164ece66d925b72337720998ce43d7090d2f
    target: registry.ddbuild.io/system-tests/mirror/datadog/system-tests:lambda-proxy-v1
    tag: lambda-proxy-v1
  datadog/system-tests:nextjs.base-81ce78f1cad4:
    digest: sha256:ee0564c78f8f10541bc9bbd1e24784a6e37a180334f6b40adb44d68eccfd147b
    target: registry.ddbuild.io/system-tests/mirror/datadog/system-tests:nextjs.base-81ce78f1cad4
    tag: nextjs.base-81ce78f1cad4
  datadog/system-tests:nodejs_buddy-v1:
    digest: sha256:71d124f74d4d7ac706f1afa8d5950864e1e931ec3b511f540b49eb6328c0338e
    target: registry.ddbuild.io/system-tests/mirror/datadog/system-tests:nodejs_buddy-v1
    tag: nodejs_buddy-v1
  datadog/system-tests:php-fpm-7.0.base-022b3f1c3949:
    digest: sha256:bcfee0d931cc381710794365533308e57f1f05628037643db74b07cde204b5cf
    target: registry.ddbuild.io/system-tests/mirror/datadog/system-tests:php-fpm-7.0.base-022b3f1c3949
    tag: php-fpm-7.0.base-022b3f1c3949
  datadog/system-tests:php-fpm-7.1.base-08b9ced17fe1:
    digest: sha256:ab6512e45ee7a084ee32c889d0b8463b4263861241d0ece72c895eee7db1f27e
    target: registry.ddbuild.io/system-tests/mirror/datadog/system-tests:php-fpm-7.1.base-08b9ced17fe1
    tag: php-fpm-7.1.base-08b9ced17fe1
  datadog/system-tests:php-fpm-7.2.base-67ddc08ce4d9:
    digest: sha256:a459836eb8521e06e4aaf0cd7d4ad52f8c9ce80bb8db551350903fb7e64ed3eb
    target: registry.ddbuild.io/system-tests/mirror/datadog/system-tests:php-fpm-7.2.base-67ddc08ce4d9
    tag: php-fpm-7.2.base-67ddc08ce4d9
  datadog/system-tests:php-fpm-7.3.base-39ad67dadc52:
    digest: sha256:3f9b70285ee0782c1e81fc0b239706a68588c7f7f26a481825e25d429e607aef
    target: registry.ddbuild.io/system-tests/mirror/datadog/system-tests:php-fpm-7.3.base-39ad67dadc52
    tag: php-fpm-7.3.base-39ad67dadc52
  datadog/system-tests:php-fpm-7.4.base-d1e86cc4a97b:
    digest: sha256:a4f289d04f7e8fc73a18aa30ff5411b7eb6a74687fd40efd49301bf532dbc406
    target: registry.ddbuild.io/system-tests/mirror/datadog/system-tests:php-fpm-7.4.base-d1e86cc4a97b
    tag: php-fpm-7.4.base-d1e86cc4a97b
  datadog/system-tests:php-fpm-8.0.base-362c978f3f82:
    digest: sha256:4af9298293f99fc9fd15b2b329349c820b8e3e050c28f9b12b311fee0754a010
    target: registry.ddbuild.io/system-tests/mirror/datadog/system-tests:php-fpm-8.0.base-362c978f3f82
    tag: php-fpm-8.0.base-362c978f3f82
  datadog/system-tests:php-fpm-8.1.base-dd53ea05d0ed:
    digest: sha256:71fdd096e065f25601dfbdfe6dc48ae696506236b0bdd07cf8bb9c2369c24952
    target: registry.ddbuild.io/system-tests/mirror/datadog/system-tests:php-fpm-8.1.base-dd53ea05d0ed
    tag: php-fpm-8.1.base-dd53ea05d0ed
  datadog/system-tests:php-fpm-8.2.base-fe25e04024d9:
    digest: sha256:4294a2c2bf2cf077de2c4f4264fe08a3891bc6215e27a29bb8f46536e06dcc47
    target: registry.ddbuild.io/system-tests/mirror/datadog/system-tests:php-fpm-8.2.base-fe25e04024d9
    tag: php-fpm-8.2.base-fe25e04024d9
  datadog/system-tests:php-fpm-8.5.base-d7b0c9cdd541:
    digest: sha256:e96dcb059935a628ad9ea841707fbf281f468b69393755db8b4d34f03ac8b5ad
    target: registry.ddbuild.io/system-tests/mirror/datadog/system-tests:php-fpm-8.5.base-d7b0c9cdd541
    tag: php-fpm-8.5.base-d7b0c9cdd541
  datadog/system-tests:proxy-v1:
    digest: sha256:02ce356eafacfe04d3022ff505e2dbb9e47cd3c55244b7918ff6fc824db85f02
    target: registry.ddbuild.io/system-tests/mirror/datadog/system-tests:proxy-v1
    tag: proxy-v1
  datadog/system-tests:python3.12.base-3cf41ebfd182:
    digest: sha256:a6a6e635ea65bfc1a1d3de58639025a5980c49c18ad942e761c2f747ca1c3f5d
    target: registry.ddbuild.io/system-tests/mirror/datadog/system-tests:python3.12.base-3cf41ebfd182
    tag: python3.12.base-3cf41ebfd182
  datadog/system-tests:python_buddy-v2:
    digest: sha256:abbd02d4495d83c66af12b5562ccca0077800cb920142375cd48dcfc8aeb1596
    target: registry.ddbuild.io/system-tests/mirror/datadog/system-tests:python_buddy-v2
    tag: python_buddy-v2
  datadog/system-tests:ruby_buddy-v2:
    digest: sha256:939d3828d85666a598c0349a6dd933fe1d92c5daa5d01438512d950ea3ccc258
    target: registry.ddbuild.io/system-tests/mirror/datadog/system-tests:ruby_buddy-v2
    tag: ruby_buddy-v2
  datadog/system-tests:tornado.base-890bdc911e49:
    digest: sha256:0e72c927f10a3ac3616305bf0e85f2440d915842c386e32bfcbc54ed786d2525
    target: registry.ddbuild.io/system-tests/mirror/datadog/system-tests:tornado.base-890bdc911e49
    tag: tornado.base-890bdc911e49
  datadog/system-tests:uwsgi-poc.base-295820dd35df:
    digest: sha256:d471ed228beeb4071fb81f1388c7c51ea3e46cb6e3e879312ea610a049dc92cc
    target: registry.ddbuild.io/system-tests/mirror/datadog/system-tests:uwsgi-poc.base-295820dd35df
    tag: uwsgi-poc.base-295820dd35df
  debian:bookworm-slim:
    digest: sha256:96e378d7e6531ac9a15ad505478fcc2e69f371b10f5cdf87857c4b8188404716
    target: registry.ddbuild.io/system-tests/mirror/debian:bookworm-slim
    tag: bookworm-slim
  debian:stable-slim:
    digest: sha256:34363c20bd149e41365fc77b086da067ed13ab2dff4cd0612788e12e6d52c44c
    target: registry.ddbuild.io/system-tests/mirror/debian:stable-slim
    tag: stable-slim
  demisto/fastapi:0.116.1.4266494:
    digest: sha256:057fb83c60e7685a35d99229ece21c4cdcc962adfdc50251bf829b5694a95722
    target: registry.ddbuild.io/system-tests/mirror/demisto/fastapi:0.116.1.4266494
    tag: 0.116.1.4266494
  eclipse-temurin:11-jre:
    digest: sha256:c356cb1702bbc9f614d52f953a1853fc7f0b49e3e62ab65927108e5bb17d9292
    target: registry.ddbuild.io/system-tests/mirror/eclipse-temurin:11-jre
    tag: 11-jre
  eclipse-temurin:17-jre:
    digest: sha256:8016378253033ebd971c237f6580f108b4afac11a188d3fc3b982497bbe55c65
    target: registry.ddbuild.io/system-tests/mirror/eclipse-temurin:17-jre
    tag: 17-jre
  ghcr.io/datadog/dd-apm-test-agent/ddapm-test-agent:v1.64.1:
    digest: sha256:817244a7aec2196c0ad5b09e958a9d1fb40846ecc4257736917aa6b9b55c5e49
    target: registry.ddbuild.io/system-tests/mirror/ghcr.io/datadog/dd-apm-test-agent/ddapm-test-agent:v1.64.1
    tag: v1.64.1
  ghcr.io/datadog/images-rb/engines/ruby:2.5-gnu-gcc:
    digest: sha256:4d8c3db9472c4458713f6b36018ed907e1eb1b953795ed38678cccd78ea3f1cd
    target: registry.ddbuild.io/system-tests/mirror/ghcr.io/datadog/images-rb/engines/ruby:2.5-gnu-gcc
    tag: 2.5-gnu-gcc
  ghcr.io/datadog/images-rb/engines/ruby:2.7-gnu-gcc:
    digest: sha256:4a039c4779cd150828f8ffdd0fc978555adcb94c7cdb3a8d1f13277d01de13e0
    target: registry.ddbuild.io/system-tests/mirror/ghcr.io/datadog/images-rb/engines/ruby:2.7-gnu-gcc
    tag: 2.7-gnu-gcc
  ghcr.io/datadog/images-rb/engines/ruby:3.0-gnu-gcc:
    digest: sha256:4f5e48c3b859a32b5deb876ed4373a489c2271358b1624a809ad7abc8198ac4d
    target: registry.ddbuild.io/system-tests/mirror/ghcr.io/datadog/images-rb/engines/ruby:3.0-gnu-gcc
    tag: 3.0-gnu-gcc
  ghcr.io/datadog/images-rb/engines/ruby:3.1-gnu-gcc:
    digest: sha256:32d22777dccad7984178d8d43092272f991e8a4a455f12f3349776a732c316c8
    target: registry.ddbuild.io/system-tests/mirror/ghcr.io/datadog/images-rb/engines/ruby:3.1-gnu-gcc
    tag: 3.1-gnu-gcc
  ghcr.io/datadog/images-rb/engines/ruby:3.4-gnu-gcc:
    digest: sha256:b27e76ef714e9dc9e9ac1c1efe9178e3d334a036496aafc2a08e4c6120f5a107
    target: registry.ddbuild.io/system-tests/mirror/ghcr.io/datadog/images-rb/engines/ruby:3.4-gnu-gcc
    tag: 3.4-gnu-gcc
  ghcr.io/graalvm/native-image-community:22.0.0:
    digest: sha256:0e7b3ee194aadc80845a29cd4e6501b9ed4422e6b998267926df31d63caf4770
    target: registry.ddbuild.io/system-tests/mirror/ghcr.io/graalvm/native-image-community:22.0.0
    tag: 22.0.0
  ghcr.io/oras-project/oras:v1.2.3:
    digest: sha256:63266a046d1cf5ebebb1461733ed7548148f122e0d422096e177cfa70b521cb1
    target: registry.ddbuild.io/system-tests/mirror/ghcr.io/oras-project/oras:v1.2.3
    tag: v1.2.3
  golang:1.25:
    digest: sha256:00feed335fe561979f2cdcc30a5191231977c5631fe79c40f7d3ab63b4fa222f
    target: registry.ddbuild.io/system-tests/mirror/golang:1.25
    tag: '1.25'
  golang:1.25-alpine:
    digest: sha256:89f71d90dff0d7f30316963b3c3b8bfe5fb96b94641b3258963ce0c7a21dedda
    target: registry.ddbuild.io/system-tests/mirror/golang:1.25-alpine
    tag: 1.25-alpine
  kong/kong-gateway:3.4:
    digest: sha256:195b1dedb78d9fa4976d089af9cc2573f6bb667b2b4be40e50d9e8cef85b4b58
    target: registry.ddbuild.io/system-tests/mirror/kong/kong-gateway:3.4
    tag: '3.4'
  localstack/localstack:4.1:
    digest: sha256:97ccc65daec3542bd2cb3160d7355f11e89ad8027fd3c834b9d1197d197d866f
    target: registry.ddbuild.io/system-tests/mirror/localstack/localstack:4.1
    tag: '4.1'
  maven:3.6-jdk-11:
    digest: sha256:1d29ccf46ef2a5e64f7de3d79a63f9bcffb4dc56be0ae3daed5ca5542b38aa2d
    target: registry.ddbuild.io/system-tests/mirror/maven:3.6-jdk-11
    tag: 3.6-jdk-11
  maven:3.8-jdk-11:
    digest: sha256:805f366910aea2a91ed263654d23df58bd239f218b2f9562ff51305be81fa215
    target: registry.ddbuild.io/system-tests/mirror/maven:3.8-jdk-11
    tag: 3.8-jdk-11
  maven:3.9-eclipse-temurin-11:
    digest: sha256:f580cae20128b75c984853630c054baf486a8c2f345a7d47692ca8b3b5b775d9
    target: registry.ddbuild.io/system-tests/mirror/maven:3.9-eclipse-temurin-11
    tag: 3.9-eclipse-temurin-11
  maven:3.9-eclipse-temurin-17:
    digest: sha256:e8ef73dbd33b69fe497fd96b3bbbd85aff84ac4c564a5784ab02ad941b32c12b
    target: registry.ddbuild.io/system-tests/mirror/maven:3.9-eclipse-temurin-17
    tag: 3.9-eclipse-temurin-17
  maven:3.9.14-eclipse-temurin-17:
    digest: sha256:674de0df5a38cfe793a587829a181835f8af3ea1f556be7172e0aa547274bcc9
    target: registry.ddbuild.io/system-tests/mirror/maven:3.9.14-eclipse-temurin-17
    tag: 3.9.14-eclipse-temurin-17
  maven:3.9.9-eclipse-temurin-17-focal:
    digest: sha256:45ddc84a2e7f75ab7faf290085a0292dd8adc5e7674a89231f6a879b60f4358d
    target: registry.ddbuild.io/system-tests/mirror/maven:3.9.9-eclipse-temurin-17-focal
    tag: 3.9.9-eclipse-temurin-17-focal
  mcr.microsoft.com/dotnet/aspnet:8.0:
    digest: sha256:93b366e510c6cd01cee608447014f7d349cb7ff8809fd0f554aa3772e8587b7e
    target: registry.ddbuild.io/system-tests/mirror/mcr.microsoft.com/dotnet/aspnet:8.0
    tag: '8.0'
  mcr.microsoft.com/dotnet/sdk:8.0:
    digest: sha256:d80fdd84f7e18eea12f8e45c52914f1353395009c95c41197178ea19944e6d48
    target: registry.ddbuild.io/system-tests/mirror/mcr.microsoft.com/dotnet/sdk:8.0
    tag: '8.0'
  mcr.microsoft.com/mssql/server:2022-latest:
    digest: sha256:e07b9699a2b749969f19d86563ceeea22bd3a69f7f1db85a8d1ac4bdaf0c6f56
    target: registry.ddbuild.io/system-tests/mirror/mcr.microsoft.com/mssql/server:2022-latest
    tag: 2022-latest
  mongo:latest:
    digest: sha256:49f1d7b87c2ddf918372be5defe7edff8c46703d0b2a56023a3f825e32e1250c
    target: registry.ddbuild.io/system-tests/mirror/mongo:latest
    tag: 8.2.11
  mysql/mysql-server:8.0.32:
    digest: sha256:d6c8301b7834c5b9c2b733b10b7e630f441af7bc917c74dba379f24eeeb6a313
    target: registry.ddbuild.io/system-tests/mirror/mysql/mysql-server:8.0.32
    tag: 8.0.32
  node:18-alpine:
    digest: sha256:8d6421d663b4c28fd3ebc498332f249011d118945588d0a35cb9bc4b8ca09d9e
    target: registry.ddbuild.io/system-tests/mirror/node:18-alpine
    tag: 18-alpine
  node:20-alpine:
    digest: sha256:fb4cd12c85ee03686f6af5362a0b0d56d50c58a04632e6c0fb8363f609372293
    target: registry.ddbuild.io/system-tests/mirror/node:20-alpine
    tag: 20-alpine
  node:22-alpine:
    digest: sha256:e58326d0d441090181ac150dc2078d3e2cf6a0d42e809aebba3ef5880935ffdd
    target: registry.ddbuild.io/system-tests/mirror/node:22-alpine
    tag: 22-alpine
  otel/opentelemetry-collector-contrib:0.137.0:
    digest: sha256:886722fe0f37af9d1fe24d29529253ec59fbf263b3b1df4facaf221373e19d23
    target: registry.ddbuild.io/system-tests/mirror/otel/opentelemetry-collector-contrib:0.137.0
    tag: 0.137.0
  postgres:alpine:
    digest: sha256:d3e64d36360a9f40c30fbbc5dd2dde799fe35f8537500c8b067551a6497f50f4
    target: registry.ddbuild.io/system-tests/mirror/postgres:alpine
    tag: alpine
  public.ecr.aws/lambda/java:17:
    digest: sha256:ba8e52b4a5eb669dfda85bc4b55fe2957961ef67a962b0dfffa2e7abbcb7fcbb
    target: registry.ddbuild.io/system-tests/mirror/public.ecr.aws/lambda/java:17
    tag: '17'
  public.ecr.aws/lambda/nodejs:18:
    digest: sha256:daf6a5c0a2b36153b94c91f3563e8ef89b3b19e4129963c6ccb07b8c5251f7ef
    target: registry.ddbuild.io/system-tests/mirror/public.ecr.aws/lambda/nodejs:18
    tag: '18'
  public.ecr.aws/lambda/python:3.13:
    digest: sha256:fb6a19c34ca64079d0042a49f05688b3f9fab3b7ed51b7baacd48d593c898335
    target: registry.ddbuild.io/system-tests/mirror/public.ecr.aws/lambda/python:3.13
    tag: '3.13'
  public.ecr.aws/lambda/ruby:3.4:
    digest: sha256:39eb6cac136bc7d86e63d56fc5fc9d78ca87f29051bc309ac62f4aceb6779886
    target: registry.ddbuild.io/system-tests/mirror/public.ecr.aws/lambda/ruby:3.4
    tag: '3.4'
  python:3.11-slim:
    digest: sha256:ae52c5bef62a6bdd42cd1e8dffef86b9cd284bde9427da79839de7a4b983e7ca
    target: registry.ddbuild.io/system-tests/mirror/python:3.11-slim
    tag: 3.11-slim
  python:3.12-slim:
    digest: sha256:d764629ce0ddd8c71fd371e9901efb324a95789d2315a47db7e4d27e78f1b0e9
    target: registry.ddbuild.io/system-tests/mirror/python:3.12-slim
    tag: 3.12-slim
  python:3.13-slim:
    digest: sha256:c33f0bc4364a6881bed1ec0cc2665e6c53c87a43e774aaeab88e6f17af105e4f
    target: registry.ddbuild.io/system-tests/mirror/python:3.13-slim
    tag: 3.13-slim
  python:3.14-slim:
    digest: sha256:44dd04494ee8f3b538294360e7c4b3acb87c8268e4d0a4828a6500b1eff50061
    target: registry.ddbuild.io/system-tests/mirror/python:3.14-slim
    tag: 3.14-slim
  rabbitmq:3.12-management-alpine:
    digest: sha256:0b44fbcc3a4bf22d00090f1353127577dbe1fcb109c41669733a9d7ecf6c3a78
    target: registry.ddbuild.io/system-tests/mirror/rabbitmq:3.12-management-alpine
    tag: 3.12-management-alpine
  rockylinux:9:
    digest: sha256:d7be1c094cc5845ee815d4632fe377514ee6ebcf8efaed6892889657e5ddaaa6
    target: registry.ddbuild.io/system-tests/mirror/rockylinux:9
    tag: '9'
  rust:1.94.1-slim-bookworm:
    digest: sha256:cf9dd0ec73e75f827fe59123fff9dc65af1a1c8363c3c31ee8d7f8ad0b6a5fb2
    target: registry.ddbuild.io/system-tests/mirror/rust:1.94.1-slim-bookworm
    tag: 1.94.1-slim-bookworm
  softwaremill/elasticmq-native:1.6.11:
    digest: sha256:fe3af4a8dd59f310b20e07ec3499cfdeb16a14f518c95ad7e70f200845dce3f5
    target: registry.ddbuild.io/system-tests/mirror/softwaremill/elasticmq-native:1.6.11
    tag: 1.6.11
  ubuntu:24.04:
    digest: sha256:786a8b558f7be160c6c8c4a54f9a57274f3b4fb1491cf65146521ae77ff1dc54
    target: registry.ddbuild.io/system-tests/mirror/ubuntu:24.04
    tag: '24.04'
